
Microsoft Visual Studio Solution File, Format Version 12.00
Project("{FAE04EC0-301F-11D3-BF4B-00C04F79EFBC}") = "WebApplication55", "WebApplication55\WebApplication55.csproj", "{04B9D77B-2180-413C-B73A-2CC5F7DFD649}"
EndProject
Global
	GlobalSection(SolutionConfigurationPlatforms) = preSolution
		Debug|Any CPU = Debug|Any CPU
		Release|Any CPU = Release|Any CPU
	EndGlobalSection
	GlobalSection(ProjectConfigurationPlatforms) = postSolution
		{04B9D77B-2180-413C-B73A-2CC5F7DFD649}.Debug|Any CPU.ActiveCfg = Debug|Any CPU
		{04B9D77B-2180-413C-B73A-2CC5F7DFD649}.Debug|Any CPU.Build.0 = Debug|Any CPU
		{04B9D77B-2180-413C-B73A-2CC5F7DFD649}.Release|Any CPU.ActiveCfg = Release|Any CPU
		{04B9D77B-2180-413C-B73A-2CC5F7DFD649}.Release|Any CPU.Build.0 = Release|Any CPU
	EndGlobalSection
EndGlobal
